
Microsoft Visual Studio Solution File, Format Version 12.00
# Visual Studio 15
VisualStudioVersion = 15.0.27703.2047
MinimumVisualStudioVersion = 10.0.40219.1
Project("{9A19103F-16F7-4668-BE54-9A1E7A4F7556}") = "AutoSerialize", "AutoSerialize\AutoSerialize.csproj", "{83CD105F-4D13-405C-84AF-31773E716719}"
EndProject
Project("{9A19103F-16F7-4668-BE54-9A1E7A4F7556}") = "AutoSerialize.Example", "AutoSerialize.Example\AutoSerialize.Example.csproj", "{3CC8FB6E-6648-406F-9C90-902C2DD2A8BC}"
EndProject
Project("{9A19103F-16F7-4668-BE54-9A1E7A4F7556}") = "AutoSerialize.TypeAccessors", "AutoSerialize.TypeAccessors\AutoSerialize.TypeAccessors.csproj", "{ECEFB782-E96B-4415-9D7B-DC4109AC74AA}"
EndProject
Project("{FAE04EC0-301F-11D3-BF4B-00C04F79EFBC}") = "AutoSerialize.Benchmark", "AutoSerialize.Benchmark\AutoSerialize.Benchmark.csproj", "{853B70D5-84FC-4938-BB19-9FB9B2E12E9F}"
EndProject
Global
	GlobalSection(SolutionConfigurationPlatforms) = preSolution
		Debug|Any CPU = Debug|Any CPU
		Release|Any CPU = Release|Any CPU
	EndGlobalSection
	GlobalSection(ProjectConfigurationPlatforms) = postSolution
		{83CD105F-4D13-405C-84AF-31773E716719}.Debug|Any CPU.ActiveCfg = Debug|Any CPU
		{83CD105F-4D13-405C-84AF-31773E716719}.Debug|Any CPU.Build.0 = Debug|Any CPU
		{83CD105F-4D13-405C-84AF-31773E716719}.Release|Any CPU.ActiveCfg = Release|Any CPU
		{83CD105F-4D13-405C-84AF-31773E716719}.Release|Any CPU.Build.0 = Release|Any CPU
		{3CC8FB6E-6648-406F-9C90-902C2DD2A8BC}.Debug|Any CPU.ActiveCfg = Debug|Any CPU
		{3CC8FB6E-6648-406F-9C90-902C2DD2A8BC}.Debug|Any CPU.Build.0 = Debug|Any CPU
		{3CC8FB6E-6648-406F-9C90-902C2DD2A8BC}.Release|Any CPU.ActiveCfg = Release|Any CPU
		{3CC8FB6E-6648-406F-9C90-902C2DD2A8BC}.Release|Any CPU.Build.0 = Release|Any CPU
		{ECEFB782-E96B-4415-9D7B-DC4109AC74AA}.Debug|Any CPU.ActiveCfg = Debug|Any CPU
		{ECEFB782-E96B-4415-9D7B-DC4109AC74AA}.Debug|Any CPU.Build.0 = Debug|Any CPU
		{ECEFB782-E96B-4415-9D7B-DC4109AC74AA}.Release|Any CPU.ActiveCfg = Release|Any CPU
		{ECEFB782-E96B-4415-9D7B-DC4109AC74AA}.Release|Any CPU.Build.0 = Release|Any CPU
		{853B70D5-84FC-4938-BB19-9FB9B2E12E9F}.Debug|Any CPU.ActiveCfg = Debug|Any CPU
		{853B70D5-84FC-4938-BB19-9FB9B2E12E9F}.Debug|Any CPU.Build.0 = Debug|Any CPU
		{853B70D5-84FC-4938-BB19-9FB9B2E12E9F}.Release|Any CPU.ActiveCfg = Release|Any CPU
		{853B70D5-84FC-4938-BB19-9FB9B2E12E9F}.Release|Any CPU.Build.0 = Release|Any CPU
	EndGlobalSection
	GlobalSection(SolutionProperties) = preSolution
		HideSolutionNode = FALSE
	EndGlobalSection
	GlobalSection(ExtensibilityGlobals) = postSolution
		SolutionGuid = {5C77AE11-018C-4CCB-99AA-C7CB10F46DBE}
	EndGlobalSection
EndGlobal
